// !$*UTF8*$!
{
	archiveVersion = 1;
	classes = {
	};
	objectVersion = 56;
	objects = {

/* Begin PBXBuildFile section */
		3EF371A82A09D488008F52CE /* StockMenuBarApp.swift in Sources */ = {isa = PBXBuildFile; fileRef = 3EF371A72A09D488008F52CE /* StockMenuBarApp.swift */; };
		3EF371AA2A09D488008F52CE /* ContentView.swift in Sources */ = {isa = PBXBuildFile; fileRef = 3EF371A92A09D488008F52CE /* ContentView.swift */; };
		3EF371AC2A09D489008F52CE /* Assets.xcassets in Resources */ = {isa = PBXBuildFile; fileRef = 3EF371AB2A09D489008F52CE /* Assets.xcassets */; };
		3EF371AF2A09D489008F52CE /* Preview Assets.xcassets in Resources */ = {isa = PBXBuildFile; fileRef = 3EF371AE2A09D489008F52CE /* Preview Assets.xcassets */; };
		3EF371B82A09D4CF008F52CE /* Stock.swift in Sources */ = {isa = PBXBuildFile; fileRef = 3EF371B72A09D4CF008F52CE /* Stock.swift */; };
		3EF371BD2A09D543008F52CE /* Webservice.swift in Sources */ = {isa = PBXBuildFile; fileRef = 3EF371BC2A09D543008F52CE /* Webservice.swift */; };
		3EF371C02A09DA38008F52CE /* StockListViewModel.swift in Sources */ = {isa = PBXBuildFile; fileRef = 3EF371BF2A09DA38008F52CE /* StockListViewModel.swift */; };
		3EF371C22A09DB11008F52CE /* Constants.swift in Sources */ = {isa = PBXBuildFile; fileRef = 3EF371C12A09DB11008F52CE /* Constants.swift */; };
		3EF371C72A0A074E008F52CE /* Double+EXT.swift in Sources */ = {isa = PBXBuildFile; fileRef = 3EF371C62A0A074E008F52CE /* Double+EXT.swift */; };
/* End PBXBuildFile section */

/* Begin PBXFileReference section */
		3EF371A42A09D488008F52CE /* StockMenuBar.app */ = {isa = PBXFileReference; explicitFileType = wrapper.application; includeInIndex = 0; path = StockMenuBar.app; sourceTree = BUILT_PRODUCTS_DIR; };
		3EF371A72A09D488008F52CE /* StockMenuBarApp.swift */ = {isa = PBXFileReference; lastKnownFileType = sourcecode.swift; path = StockMenuBarApp.swift; sourceTree = "<group>"; };
		3EF371A92A09D488008F52CE /* ContentView.swift */ = {isa = PBXFileReference; lastKnownFileType = sourcecode.swift; path = ContentView.swift; sourceTree = "<group>"; };
		3EF371AB2A09D489008F52CE /* Assets.xcassets */ = {isa = PBXFileReference; lastKnownFileType = folder.assetcatalog; path = Assets.xcassets; sourceTree = "<group>"; };
		3EF371AE2A09D489008F52CE /* Preview Assets.xcassets */ = {isa = PBXFileReference; lastKnownFileType = folder.assetcatalog; path = "Preview Assets.xcassets"; sourceTree = "<group>"; };
		3EF371B02A09D489008F52CE /* StockMenuBar.entitlements */ = {isa = PBXFileReference; lastKnownFileType = text.plist.entitlements; path = StockMenuBar.entitlements; sourceTree = "<group>"; };
		3EF371B72A09D4CF008F52CE /* Stock.swift */ = {isa = PBXFileReference; lastKnownFileType = sourcecode.swift; path = Stock.swift; sourceTree = "<group>"; };
		3EF371BC2A09D543008F52CE /* Webservice.swift */ = {isa = PBXFileReference; lastKnownFileType = sourcecode.swift; path = Webservice.swift; sourceTree = "<group>"; };
		3EF371BF2A09DA38008F52CE /* StockListViewModel.swift */ = {isa = PBXFileReference; lastKnownFileType = sourcecode.swift; path = StockListViewModel.swift; sourceTree = "<group>"; };
		3EF371C12A09DB11008F52CE /* Constants.swift */ = {isa = PBXFileReference; lastKnownFileType = sourcecode.swift; path = Constants.swift; sourceTree = "<group>"; };
		3EF371C62A0A074E008F52CE /* Double+EXT.swift */ = {isa = PBXFileReference; lastKnownFileType = sourcecode.swift; path = "Double+EXT.swift"; sourceTree = "<group>"; };
/* End PBXFileReference section */

/* Begin PBXFrameworksBuildPhase section */
		3EF371A12A09D488008F52CE /* Frameworks */ = {
			isa = PBXFrameworksBuildPhase;
			buildActionMask = 2147483647;
			files = (
			);
			runOnlyForDeploymentPostprocessing = 0;
		};
/* End PBXFrameworksBuildPhase section */

/* Begin PBXGroup section */
		3EF3719B2A09D488008F52CE = {
			isa = PBXGroup;
			children = (
				3EF371A62A09D488008F52CE /* StockMenuBar */,
				3EF371A52A09D488008F52CE /* Products */,
			);
			sourceTree = "<group>";
		};
		3EF371A52A09D488008F52CE /* Products */ = {
			isa = PBXGroup;
			children = (
				3EF371A42A09D488008F52CE /* StockMenuBar.app */,
			);
			name = Products;
			sourceTree = "<group>";
		};
		3EF371A62A09D488008F52CE /* StockMenuBar */ = {
			isa = PBXGroup;
			children = (
				3EF371C42A0A06F7008F52CE /* Extensions */,
				3EF371C32A09DED9008F52CE /* Utils */,
				3EF371BE2A09DA26008F52CE /* ViewModels */,
				3EF371B92A09D513008F52CE /* Services */,
				3EF371B62A09D4BC008F52CE /* Models */,
				3EF371A72A09D488008F52CE /* StockMenuBarApp.swift */,
				3EF371A92A09D488008F52CE /* ContentView.swift */,
				3EF371AB2A09D489008F52CE /* Assets.xcassets */,
				3EF371B02A09D489008F52CE /* StockMenuBar.entitlements */,
				3EF371AD2A09D489008F52CE /* Preview Content */,
			);
			path = StockMenuBar;
			sourceTree = "<group>";
		};
		3EF371AD2A09D489008F52CE /* Preview Content */ = {
			isa = PBXGroup;
			children = (
				3EF371AE2A09D489008F52CE /* Preview Assets.xcassets */,
			);
			path = "Preview Content";
			sourceTree = "<group>";
		};
		3EF371B62A09D4BC008F52CE /* Models */ = {
			isa = PBXGroup;
			children = (
				3EF371B72A09D4CF008F52CE /* Stock.swift */,
			);
			path = Models;
			sourceTree = "<group>";
		};
		3EF371B92A09D513008F52CE /* Services */ = {
			isa = PBXGroup;
			children = (
				3EF371BC2A09D543008F52CE /* Webservice.swift */,
			);
			path = Services;
			sourceTree = "<group>";
		};
		3EF371BE2A09DA26008F52CE /* ViewModels */ = {
			isa = PBXGroup;
			children = (
				3EF371BF2A09DA38008F52CE /* StockListViewModel.swift */,
			);
			path = ViewModels;
			sourceTree = "<group>";
		};
		3EF371C32A09DED9008F52CE /* Utils */ = {
			isa = PBXGroup;
			children = (
				3EF371C12A09DB11008F52CE /* Constants.swift */,
			);
			path = Utils;
			sourceTree = "<group>";
		};
		3EF371C42A0A06F7008F52CE /* Extensions */ = {
			isa = PBXGroup;
			children = (
				3EF371C62A0A074E008F52CE /* Double+EXT.swift */,
			);
			path = Extensions;
			sourceTree = "<group>";
		};
/* End PBXGroup section */

/* Begin PBXNativeTarget section */
		3EF371A32A09D488008F52CE /* StockMenuBar */ = {
			isa = PBXNativeTarget;
			buildConfigurationList = 3EF371B32A09D489008F52CE /* Build configuration list for PBXNativeTarget "StockMenuBar" */;
			buildPhases = (
				3EF371A02A09D488008F52CE /* Sources */,
				3EF371A12A09D488008F52CE /* Frameworks */,
				3EF371A22A09D488008F52CE /* Resources */,
			);
			buildRules = (
			);
			dependencies = (
			);
			name = StockMenuBar;
			productName = StockMenuBar;
			productReference = 3EF371A42A09D488008F52CE /* StockMenuBar.app */;
			productType = "com.apple.product-type.application";
		};
/* End PBXNativeTarget section */

/* Begin PBXProject section */
		3EF3719C2A09D488008F52CE /* Project object */ = {
			isa = PBXProject;
			attributes = {
				BuildIndependentTargetsInParallel = 1;
				LastSwiftUpdateCheck = 1430;
				LastUpgradeCheck = 1430;
				TargetAttributes = {
					3EF371A32A09D488008F52CE = {
						CreatedOnToolsVersion = 14.3;
					};
				};
			};
			buildConfigurationList = 3EF3719F2A09D488008F52CE /* Build configuration list for PBXProject "StockMenuBar" */;
			compatibilityVersion = "Xcode 14.0";
			developmentRegion = en;
			hasScannedForEncodings = 0;
			knownRegions = (
				en,
				Base,
			);
			mainGroup = 3EF3719B2A09D488008F52CE;
			productRefGroup = 3EF371A52A09D488008F52CE /* Products */;
			projectDirPath = "";
			projectRoot = "";
			targets = (
				3EF371A32A09D488008F52CE /* StockMenuBar */,
			);
		};
/* End PBXProject section */

/* Begin PBXResourcesBuildPhase section */
		3EF371A22A09D488008F52CE /* Resources */ = {
			isa = PBXResourcesBuildPhase;
			buildActionMask = 2147483647;
			files = (
				3EF371AF2A09D489008F52CE /* Preview Assets.xcassets in Resources */,
				3EF371AC2A09D489008F52CE /* Assets.xcassets in Resources */,
			);
			runOnlyForDeploymentPostprocessing = 0;
		};
/* End PBXResourcesBuildPhase section */

/* Begin PBXSourcesBuildPhase section */
		3EF371A02A09D488008F52CE /* Sources */ = {
			isa = PBXSourcesBuildPhase;
			buildActionMask = 2147483647;
			files = (
				3EF371AA2A09D488008F52CE /* ContentView.swift in Sources */,
				3EF371A82A09D488008F52CE /* StockMenuBarApp.swift in Sources */,
				3EF371C72A0A074E008F52CE /* Double+EXT.swift in Sources */,
				3EF371BD2A09D543008F52CE /* Webservice.swift in Sources */,
				3EF371B82A09D4CF008F52CE /* Stock.swift in Sources */,
				3EF371C02A09DA38008F52CE /* StockListViewModel.swift in Sources */,
				3EF371C22A09DB11008F52CE /* Constants.swift in Sources */,
			);
			runOnlyForDeploymentPostprocessing = 0;
		};
/* End PBXSourcesBuildPhase section */

/* Begin XCBuildConfiguration section */
		3EF371B12A09D489008F52CE /* Debug */ = {
			isa = XCBuildConfiguration;
			buildSettings = {
				ALWAYS_SEARCH_USER_PATHS = NO;
				CLANG_ANALYZER_NONNULL = YES;
				CLANG_ANALYZER_NUMBER_OBJECT_CONVERSION = YES_AGGRESSIVE;
				CLANG_CXX_LANGUAGE_STANDARD = "gnu++20";
				CLANG_ENABLE_MODULES = YES;
				CLANG_ENABLE_OBJC_ARC = YES;
				CLANG_ENABLE_OBJC_WEAK = YES;
				CLANG_WARN_BLOCK_CAPTURE_AUTORELEASING = YES;
				CLANG_WARN_BOOL_CONVERSION = YES;
				CLANG_WARN_COMMA = YES;
				CLANG_WARN_CONSTANT_CONVERSION = YES;
				CLANG_WARN_DEPRECATED_OBJC_IMPLEMENTATIONS = YES;
				CLANG_WARN_DIRECT_OBJC_ISA_USAGE = YES_ERROR;
				CLANG_WARN_DOCUMENTATION_COMMENTS = YES;
				CLANG_WARN_EMPTY_BODY = YES;
				CLANG_WARN_ENUM_CONVERSION = YES;
				CLANG_WARN_INFINITE_RECURSION = YES;
				CLANG_WARN_INT_CONVERSION = YES;
				CLANG_WARN_NON_LITERAL_NULL_CONVERSION = YES;
				CLANG_WARN_OBJC_IMPLICIT_RETAIN_SELF = YES;
				CLANG_WARN_OBJC_LITERAL_CONVERSION = YES;
				CLANG_WARN_OBJC_ROOT_CLASS = YES_ERROR;
				CLANG_WARN_QUOTED_INCLUDE_IN_FRAMEWORK_HEADER = YES;
				CLANG_WARN_RANGE_LOOP_ANALYSIS = YES;
				CLANG_WARN_STRICT_PROTOTYPES = YES;
				CLANG_WARN_SUSPICIOUS_MOVE = YES;
				CLANG_WARN_UNGUARDED_AVAILABILITY = YES_AGGRESSIVE;
				CLANG_WARN_UNREACHABLE_CODE = YES;
				CLANG_WARN__DUPLICATE_METHOD_MATCH = YES;
				COPY_PHASE_STRIP = NO;
				DEBUG_INFORMATION_FORMAT = dwarf;
				ENABLE_STRICT_OBJC_MSGSEND = YES;
				ENABLE_TESTABILITY = YES;
				GCC_C_LANGUAGE_STANDARD = gnu11;
				GCC_DYNAMIC_NO_PIC = NO;
				GCC_NO_COMMON_BLOCKS = YES;
				GCC_OPTIMIZATION_LEVEL = 0;
				GCC_PREPROCESSOR_DEFINITIONS = (
					"DEBUG=1",
					"$(inherited)",
				);
				GCC_WARN_64_TO_32_BIT_CONVERSION = YES;
				GCC_WARN_ABOUT_RETURN_TYPE = YES_ERROR;
				GCC_WARN_UNDECLARED_SELECTOR = YES;
				GCC_WARN_UNINITIALIZED_AUTOS = YES_AGGRESSIVE;
				GCC_WARN_UNUSED_FUNCTION = YES;
				GCC_WARN_UNUSED_VARIABLE = YES;
				MACOSX_DEPLOYMENT_TARGET = 13.3;
				MTL_ENABLE_DEBUG_INFO = INCLUDE_SOURCE;
				MTL_FAST_MATH = YES;
				ONLY_ACTIVE_ARCH = YES;
				SDKROOT = macosx;
				SWIFT_ACTIVE_COMPILATION_CONDITIONS = DEBUG;
				SWIFT_OPTIMIZATION_LEVEL = "-Onone";
			};
			name = Debug;
		};
		3EF371B22A09D489008F52CE /* Release */ = {
			isa = XCBuildConfiguration;
			buildSettings = {
				ALWAYS_SEARCH_USER_PATHS = NO;
				CLANG_ANALYZER_NONNULL = YES;
				CLANG_ANALYZER_NUMBER_OBJECT_CONVERSION = YES_AGGRESSIVE;
				CLANG_CXX_LANGUAGE_STANDARD = "gnu++20";
				CLANG_ENABLE_MODULES = YES;
				CLANG_ENABLE_OBJC_ARC = YES;
				CLANG_ENABLE_OBJC_WEAK = YES;
				CLANG_WARN_BLOCK_CAPTURE_AUTORELEASING = YES;
				CLANG_WARN_BOOL_CONVERSION = YES;
				CLANG_WARN_COMMA = YES;
				CLANG_WARN_CONSTANT_CONVERSION = YES;
				CLANG_WARN_DEPRECATED_OBJC_IMPLEMENTATIONS = YES;
				CLANG_WARN_DIRECT_OBJC_ISA_USAGE = YES_ERROR;
				CLANG_WARN_DOCUMENTATION_COMMENTS = YES;
				CLANG_WARN_EMPTY_BODY = YES;
				CLANG_WARN_ENUM_CONVERSION = YES;
				CLANG_WARN_INFINITE_RECURSION = YES;
				CLANG_WARN_INT_CONVERSION = YES;
				CLANG_WARN_NON_LITERAL_NULL_CONVERSION = YES;
				CLANG_WARN_OBJC_IMPLICIT_RETAIN_SELF = YES;
				CLANG_WARN_OBJC_LITERAL_CONVERSION = YES;
				CLANG_WARN_OBJC_ROOT_CLASS = YES_ERROR;
				CLANG_WARN_QUOTED_INCLUDE_IN_FRAMEWORK_HEADER = YES;
				CLANG_WARN_RANGE_LOOP_ANALYSIS = YES;
				CLANG_WARN_STRICT_PROTOTYPES = YES;
				CLANG_WARN_SUSPICIOUS_MOVE = YES;
				CLANG_WARN_UNGUARDED_AVAILABILITY = YES_AGGRESSIVE;
				CLANG_WARN_UNREACHABLE_CODE = YES;
				CLANG_WARN__DUPLICATE_METHOD_MATCH = YES;
				COPY_PHASE_STRIP = NO;
				DEBUG_INFORMATION_FORMAT = "dwarf-with-dsym";
				ENABLE_NS_ASSERTIONS = NO;
				ENABLE_STRICT_OBJC_MSGSEND = YES;
				GCC_C_LANGUAGE_STANDARD = gnu11;
				GCC_NO_COMMON_BLOCKS = YES;
				GCC_WARN_64_TO_32_BIT_CONVERSION = YES;
				GCC_WARN_ABOUT_RETURN_TYPE = YES_ERROR;
				GCC_WARN_UNDECLARED_SELECTOR = YES;
				GCC_WARN_UNINITIALIZED_AUTOS = YES_AGGRESSIVE;
				GCC_WARN_UNUSED_FUNCTION = YES;
				GCC_WARN_UNUSED_VARIABLE = YES;
				MACOSX_DEPLOYMENT_TARGET = 13.3;
				MTL_ENABLE_DEBUG_INFO = NO;
				MTL_FAST_MATH = YES;
				SDKROOT = macosx;
				SWIFT_COMPILATION_MODE = wholemodule;
				SWIFT_OPTIMIZATION_LEVEL = "-O";
			};
			name = Release;
		};
		3EF371B42A09D489008F52CE /* Debug */ = {
			isa = XCBuildConfiguration;
			buildSettings = {
				ASSETCATALOG_COMPILER_APPICON_NAME = AppIcon;
				ASSETCATALOG_COMPILER_GLOBAL_ACCENT_COLOR_NAME = AccentColor;
				CODE_SIGN_ENTITLEMENTS = StockMenuBar/StockMenuBar.entitlements;
				CODE_SIGN_STYLE = Automatic;
				COMBINE_HIDPI_IMAGES = YES;
				CURRENT_PROJECT_VERSION = 1;
				DEVELOPMENT_ASSET_PATHS = "\"StockMenuBar/Preview Content\"";
				DEVELOPMENT_TEAM = Y9UNY8645A;
				ENABLE_HARDENED_RUNTIME = YES;
				ENABLE_PREVIEWS = YES;
				GENERATE_INFOPLIST_FILE = YES;
				INFOPLIST_KEY_NSHumanReadableCopyright = "";
				LD_RUNPATH_SEARCH_PATHS = (
					"$(inherited)",
					"@executable_path/../Frameworks",
				);
				MARKETING_VERSION = 1.0;
				PRODUCT_BUNDLE_IDENTIFIER = nick.rios.StockMenuBar;
				PRODUCT_NAME = "$(TARGET_NAME)";
				SWIFT_EMIT_LOC_STRINGS = YES;
				SWIFT_VERSION = 5.0;
			};
			name = Debug;
		};
		3EF371B52A09D489008F52CE /* Release */ = {
			isa = XCBuildConfiguration;
			buildSettings = {
				ASSETCATALOG_COMPILER_APPICON_NAME = AppIcon;
				ASSETCATALOG_COMPILER_GLOBAL_ACCENT_COLOR_NAME = AccentColor;
				CODE_SIGN_ENTITLEMENTS = StockMenuBar/StockMenuBar.entitlements;
				CODE_SIGN_STYLE = Automatic;
				COMBINE_HIDPI_IMAGES = YES;
				CURRENT_PROJECT_VERSION = 1;
				DEVELOPMENT_ASSET_PATHS = "\"StockMenuBar/Preview Content\"";
				DEVELOPMENT_TEAM = Y9UNY8645A;
				ENABLE_HARDENED_RUNTIME = YES;
				ENABLE_PREVIEWS = YES;
				GENERATE_INFOPLIST_FILE = YES;
				INFOPLIST_KEY_NSHumanReadableCopyright = "";
				LD_RUNPATH_SEARCH_PATHS = (
					"$(inherited)",
					"@executable_path/../Frameworks",
				);
				MARKETING_VERSION = 1.0;
				PRODUCT_BUNDLE_IDENTIFIER = nick.rios.StockMenuBar;
				PRODUCT_NAME = "$(TARGET_NAME)";
				SWIFT_EMIT_LOC_STRINGS = YES;
				SWIFT_VERSION = 5.0;
			};
			name = Release;
		};
/* End XCBuildConfiguration section */

/* Begin XCConfigurationList section */
		3EF3719F2A09D488008F52CE /* Build configuration list for PBXProject "StockMenuBar" */ = {
			isa = XCConfigurationList;
			buildConfigurations = (
				3EF371B12A09D489008F52CE /* Debug */,
				3EF371B22A09D489008F52CE /* Release */,
			);
			defaultConfigurationIsVisible = 0;
			defaultConfigurationName = Release;
		};
		3EF371B32A09D489008F52CE /* Build configuration list for PBXNativeTarget "StockMenuBar" */ = {
			isa = XCConfigurationList;
			buildConfigurations = (
				3EF371B42A09D489008F52CE /* Debug */,
				3EF371B52A09D489008F52CE /* Release */,
			);
			defaultConfigurationIsVisible = 0;
			defaultConfigurationName = Release;
		};
/* End XCConfigurationList section */
	};
	rootObject = 3EF3719C2A09D488008F52CE /* Project object */;
}
